
Microsoft Visual Studio Solution File, Format Version 12.00
# Visual Studio Version 17
VisualStudioVersion = 17.7.34024.191
MinimumVisualStudioVersion = 10.0.40219.1
Project("{FAE04EC0-301F-11D3-BF4B-00C04F79EFBC}") = "Week14OOP", "Week14OOP\Week14OOP.csproj", "{BA47433F-9A29-4D65-88AB-CE6B421766B9}"
EndProject
Global
	GlobalSection(SolutionConfigurationPlatforms) = preSolution
		Debug|Any CPU = Debug|Any CPU
		Release|Any CPU = Release|Any CPU
	EndGlobalSection
	GlobalSection(ProjectConfigurationPlatforms) = postSolution
		{BA47433F-9A29-4D65-88AB-CE6B421766B9}.Debug|Any CPU.ActiveCfg = Debug|Any CPU
		{BA47433F-9A29-4D65-88AB-CE6B421766B9}.Debug|Any CPU.Build.0 = Debug|Any CPU
		{BA47433F-9A29-4D65-88AB-CE6B421766B9}.Release|Any CPU.ActiveCfg = Release|Any CPU
		{BA47433F-9A29-4D65-88AB-CE6B421766B9}.Release|Any CPU.Build.0 = Release|Any CPU
	EndGlobalSection
	GlobalSection(SolutionProperties) = preSolution
		HideSolutionNode = FALSE
	EndGlobalSection
	GlobalSection(ExtensibilityGlobals) = postSolution
		SolutionGuid = {F156DB6B-6273-48C6-987C-469C9B475FD9}
	EndGlobalSection
EndGlobal
